
Microsoft Visual Studio Solution File, Format Version 12.00
# Visual Studio Version 17
VisualStudioVersion = 17.8.34309.116
MinimumVisualStudioVersion = 10.0.40219.1
Project("{FAE04EC0-301F-11D3-BF4B-00C04F79EFBC}") = "CanSatInterface", "CanSatInterface\CanSatInterface.csproj", "{B610E5DC-1F30-427D-B2D0-5FCFBED5CB2F}"
EndProject
Global
	GlobalSection(SolutionConfigurationPlatforms) = preSolution
		Debug|Any CPU = Debug|Any CPU
		Release|Any CPU = Release|Any CPU
	EndGlobalSection
	GlobalSection(ProjectConfigurationPlatforms) = postSolution
		{B610E5DC-1F30-427D-B2D0-5FCFBED5CB2F}.Debug|Any CPU.ActiveCfg = Debug|Any CPU
		{B610E5DC-1F30-427D-B2D0-5FCFBED5CB2F}.Debug|Any CPU.Build.0 = Debug|Any CPU
		{B610E5DC-1F30-427D-B2D0-5FCFBED5CB2F}.Release|Any CPU.ActiveCfg = Release|Any CPU
		{B610E5DC-1F30-427D-B2D0-5FCFBED5CB2F}.Release|Any CPU.Build.0 = Release|Any CPU
	EndGlobalSection
	GlobalSection(SolutionProperties) = preSolution
		HideSolutionNode = FALSE
	EndGlobalSection
	GlobalSection(ExtensibilityGlobals) = postSolution
		SolutionGuid = {FA61415B-08BB-4530-8F05-42B1BED04E5B}
	EndGlobalSection
EndGlobal
